
Microsoft Visual Studio Solution File, Format Version 12.00
# Visual Studio Version 16
VisualStudioVersion = 16.0.29905.134
MinimumVisualStudioVersion = 10.0.40219.1
Project("{FAE04EC0-301F-11D3-BF4B-00C04F79EFBC}") = "KLargestOrSmallestElementsInAnArray", "KLargestOrSmallestElementsInAnArray\KLargestOrSmallestElementsInAnArray.csproj", "{1844CCDF-00A4-4BCC-93FF-B8EDC1FACFBF}"
EndProject
Project("{FAE04EC0-301F-11D3-BF4B-00C04F79EFBC}") = "Sort", "Sort\Sort.csproj", "{68DF9F1B-6581-4A34-805C-A0A9916A207B}"
EndProject
Project("{FAE04EC0-301F-11D3-BF4B-00C04F79EFBC}") = "BinaryTree", "BinaryTree\BinaryTree.csproj", "{737C3473-3C01-4E2D-91A3-D7251CE0B569}"
EndProject
Project("{FAE04EC0-301F-11D3-BF4B-00C04F79EFBC}") = "Fibonacci", "Fibonacci\Fibonacci.csproj", "{32346AF1-6D81-45B5-A094-A08D566DC025}"
EndProject
Project("{FAE04EC0-301F-11D3-BF4B-00C04F79EFBC}") = "EventsAndDelegates", "EventsAndDelegates\EventsAndDelegates.csproj", "{0D9C3659-5A06-4577-8E99-249B470BBF09}"
EndProject
Project("{FAE04EC0-301F-11D3-BF4B-00C04F79EFBC}") = "ThreadSafe", "ThreadSafe\ThreadSafe.csproj", "{FEC258BF-2319-4F9F-B7B7-19AB8BDB7498}"
EndProject
Project("{FAE04EC0-301F-11D3-BF4B-00C04F79EFBC}") = "TwoSum", "TwoSum\TwoSum.csproj", "{07A56AC8-B2CE-4601-B4E2-721E8A6C4405}"
EndProject
Project("{FAE04EC0-301F-11D3-BF4B-00C04F79EFBC}") = "AddTwoNumbers", "AddTwoNumbers\AddTwoNumbers.csproj", "{EE3C85AB-36A4-492F-AF8C-85966F11381D}"
EndProject
Project("{FAE04EC0-301F-11D3-BF4B-00C04F79EFBC}") = "NextBiggestIntWithSame1Bits", "NextBiggestIntWithSame1Bits\NextBiggestIntWithSame1Bits.csproj", "{96FDC292-2AB0-4020-9235-5CD12C123CBE}"
EndProject
Project("{FAE04EC0-301F-11D3-BF4B-00C04F79EFBC}") = "TripletSum", "TripletSum\TripletSum.csproj", "{8EB2FE4C-BE92-4A94-9C23-C0E90F8937DA}"
EndProject
Project("{FAE04EC0-301F-11D3-BF4B-00C04F79EFBC}") = "SquaresOfSortedArray", "SquaresOfSortedArray\SquaresOfSortedArray.csproj", "{09E4D9E9-87BA-4EF6-ADD3-7D42A841B8C4}"
EndProject
Project("{FAE04EC0-301F-11D3-BF4B-00C04F79EFBC}") = "LambaExpressions", "LambaExpressions\LambaExpressions.csproj", "{3050EF55-5149-42E9-9FA3-6E8770D6AE6D}"
EndProject
Project("{FAE04EC0-301F-11D3-BF4B-00C04F79EFBC}") = "ProductOfArrayExceptSelf", "ProductOfArrayExceptSelf\ProductOfArrayExceptSelf.csproj", "{3533DE76-8BB4-4E7F-AB43-65E0A6FB7413}"
EndProject
Project("{FAE04EC0-301F-11D3-BF4B-00C04F79EFBC}") = "FindLongestSubArrayBySum", "FindLongestSubArrayBySum\FindLongestSubArrayBySum.csproj", "{69EAE20F-ED06-41F2-BF2B-0DA0ABBF4587}"
EndProject
Project("{FAE04EC0-301F-11D3-BF4B-00C04F79EFBC}") = "FirstDuplicate", "FirstDuplicate\FirstDuplicate.csproj", "{1EE47D61-696D-4E5D-B815-479FF04ACD79}"
EndProject
Project("{FAE04EC0-301F-11D3-BF4B-00C04F79EFBC}") = "RotateImage", "RotateImage\RotateImage.csproj", "{DF7903B6-7502-4166-8730-8E2829AE800A}"
EndProject
Project("{FAE04EC0-301F-11D3-BF4B-00C04F79EFBC}") = "NumberOfIslands", "NumberOfIslands\NumberOfIslands.csproj", "{ACA4D233-E94E-4BB8-A47E-05CB24B71B45}"
EndProject
Project("{FAE04EC0-301F-11D3-BF4B-00C04F79EFBC}") = "TernarySearchTree", "TernarySearchTree\TernarySearchTree.csproj", "{F477ABDC-A39A-478D-B620-C1FAC2FC7F7B}"
EndProject
Project("{FAE04EC0-301F-11D3-BF4B-00C04F79EFBC}") = "FirstAndLastPositionOfElementInSortedArray", "FirstAndLastPositionOfElementInSortedArray\FirstAndLastPositionOfElementInSortedArray.csproj", "{63EBB2C6-E909-4E5B-AE0F-D8344C4122E7}"
EndProject
Project("{FAE04EC0-301F-11D3-BF4B-00C04F79EFBC}") = "LongestPalindromicSubstring", "LongestPalindromicSubstring\LongestPalindromicSubstring.csproj", "{BC8BE12D-1FE1-4D60-A0D5-81A5548F076B}"
EndProject
Project("{FAE04EC0-301F-11D3-BF4B-00C04F79EFBC}") = "LongestSubstringWithoutRepeatingChars", "LongestSubstringWithoutRepeatingChars\LongestSubstringWithoutRepeatingChars.csproj", "{E40A1734-BB91-403E-BC59-9FA8D67690E3}"
EndProject
Project("{FAE04EC0-301F-11D3-BF4B-00C04F79EFBC}") = "ReverseInt", "ReverseInt\ReverseInt.csproj", "{60F19299-DA41-4C66-BC5F-2148EAA2AEFB}"
EndProject
Project("{FAE04EC0-301F-11D3-BF4B-00C04F79EFBC}") = "PalindromeNum", "PalindromeNum\PalindromeNum.csproj", "{8A487D29-B3C5-48E6-AADD-69AD1B3413FA}"
EndProject
Project("{FAE04EC0-301F-11D3-BF4B-00C04F79EFBC}") = "ZigZagConversation", "ZigZagConversation\ZigZagConversation.csproj", "{6E7F3331-A3D7-49F7-AFA2-039CE23DC3E6}"
EndProject
Project("{FAE04EC0-301F-11D3-BF4B-00C04F79EFBC}") = "RemoveNthNodeFromEndOfList", "RemoveNthNodeFromEndOfList\RemoveNthNodeFromEndOfList.csproj", "{4287CCC1-EC82-4422-9469-6AED2FF85285}"
EndProject
Project("{FAE04EC0-301F-11D3-BF4B-00C04F79EFBC}") = "ContainerWithMostWater", "ContainerWithMostWater\ContainerWithMostWater.csproj", "{83CE9F35-3026-443B-80C1-1544151F93A5}"
EndProject
Global
	GlobalSection(SolutionConfigurationPlatforms) = preSolution
		Debug|Any CPU = Debug|Any CPU
		Release|Any CPU = Release|Any CPU
	EndGlobalSection
	GlobalSection(ProjectConfigurationPlatforms) = postSolution
		{1844CCDF-00A4-4BCC-93FF-B8EDC1FACFBF}.Debug|Any CPU.ActiveCfg = Debug|Any CPU
		{1844CCDF-00A4-4BCC-93FF-B8EDC1FACFBF}.Debug|Any CPU.Build.0 = Debug|Any CPU
		{1844CCDF-00A4-4BCC-93FF-B8EDC1FACFBF}.Release|Any CPU.ActiveCfg = Release|Any CPU
		{1844CCDF-00A4-4BCC-93FF-B8EDC1FACFBF}.Release|Any CPU.Build.0 = Release|Any CPU
		{68DF9F1B-6581-4A34-805C-A0A9916A207B}.Debug|Any CPU.ActiveCfg = Debug|Any CPU
		{68DF9F1B-6581-4A34-805C-A0A9916A207B}.Debug|Any CPU.Build.0 = Debug|Any CPU
		{68DF9F1B-6581-4A34-805C-A0A9916A207B}.Release|Any CPU.ActiveCfg = Release|Any CPU
		{68DF9F1B-6581-4A34-805C-A0A9916A207B}.Release|Any CPU.Build.0 = Release|Any CPU
		{737C3473-3C01-4E2D-91A3-D7251CE0B569}.Debug|Any CPU.ActiveCfg = Debug|Any CPU
		{737C3473-3C01-4E2D-91A3-D7251CE0B569}.Debug|Any CPU.Build.0 = Debug|Any CPU
		{737C3473-3C01-4E2D-91A3-D7251CE0B569}.Release|Any CPU.ActiveCfg = Release|Any CPU
		{737C3473-3C01-4E2D-91A3-D7251CE0B569}.Release|Any CPU.Build.0 = Release|Any CPU
		{32346AF1-6D81-45B5-A094-A08D566DC025}.Debug|Any CPU.ActiveCfg = Debug|Any CPU
		{32346AF1-6D81-45B5-A094-A08D566DC025}.Debug|Any CPU.Build.0 = Debug|Any CPU
		{32346AF1-6D81-45B5-A094-A08D566DC025}.Release|Any CPU.ActiveCfg = Release|Any CPU
		{32346AF1-6D81-45B5-A094-A08D566DC025}.Release|Any CPU.Build.0 = Release|Any CPU
		{0D9C3659-5A06-4577-8E99-249B470BBF09}.Debug|Any CPU.ActiveCfg = Debug|Any CPU
		{0D9C3659-5A06-4577-8E99-249B470BBF09}.Debug|Any CPU.Build.0 = Debug|Any CPU
		{0D9C3659-5A06-4577-8E99-249B470BBF09}.Release|Any CPU.ActiveCfg = Release|Any CPU
		{0D9C3659-5A06-4577-8E99-249B470BBF09}.Release|Any CPU.Build.0 = Release|Any CPU
		{FEC258BF-2319-4F9F-B7B7-19AB8BDB7498}.Debug|Any CPU.ActiveCfg = Debug|Any CPU
		{FEC258BF-2319-4F9F-B7B7-19AB8BDB7498}.Debug|Any CPU.Build.0 = Debug|Any CPU
		{FEC258BF-2319-4F9F-B7B7-19AB8BDB7498}.Release|Any CPU.ActiveCfg = Release|Any CPU
		{FEC258BF-2319-4F9F-B7B7-19AB8BDB7498}.Release|Any CPU.Build.0 = Release|Any CPU
		{07A56AC8-B2CE-4601-B4E2-721E8A6C4405}.Debug|Any CPU.ActiveCfg = Debug|Any CPU
		{07A56AC8-B2CE-4601-B4E2-721E8A6C4405}.Debug|Any CPU.Build.0 = Debug|Any CPU
		{07A56AC8-B2CE-4601-B4E2-721E8A6C4405}.Release|Any CPU.ActiveCfg = Release|Any CPU
		{07A56AC8-B2CE-4601-B4E2-721E8A6C4405}.Release|Any CPU.Build.0 = Release|Any CPU
		{EE3C85AB-36A4-492F-AF8C-85966F11381D}.Debug|Any CPU.ActiveCfg = Debug|Any CPU
		{EE3C85AB-36A4-492F-AF8C-85966F11381D}.Debug|Any CPU.Build.0 = Debug|Any CPU
		{EE3C85AB-36A4-492F-AF8C-85966F11381D}.Release|Any CPU.ActiveCfg = Release|Any CPU
		{EE3C85AB-36A4-492F-AF8C-85966F11381D}.Release|Any CPU.Build.0 = Release|Any CPU
		{96FDC292-2AB0-4020-9235-5CD12C123CBE}.Debug|Any CPU.ActiveCfg = Debug|Any CPU
		{96FDC292-2AB0-4020-9235-5CD12C123CBE}.Debug|Any CPU.Build.0 = Debug|Any CPU
		{96FDC292-2AB0-4020-9235-5CD12C123CBE}.Release|Any CPU.ActiveCfg = Release|Any CPU
		{96FDC292-2AB0-4020-9235-5CD12C123CBE}.Release|Any CPU.Build.0 = Release|Any CPU
		{8EB2FE4C-BE92-4A94-9C23-C0E90F8937DA}.Debug|Any CPU.ActiveCfg = Debug|Any CPU
		{8EB2FE4C-BE92-4A94-9C23-C0E90F8937DA}.Debug|Any CPU.Build.0 = Debug|Any CPU
		{8EB2FE4C-BE92-4A94-9C23-C0E90F8937DA}.Release|Any CPU.ActiveCfg = Release|Any CPU
		{8EB2FE4C-BE92-4A94-9C23-C0E90F8937DA}.Release|Any CPU.Build.0 = Release|Any CPU
		{09E4D9E9-87BA-4EF6-ADD3-7D42A841B8C4}.Debug|Any CPU.ActiveCfg = Debug|Any CPU
		{09E4D9E9-87BA-4EF6-ADD3-7D42A841B8C4}.Debug|Any CPU.Build.0 = Debug|Any CPU
		{09E4D9E9-87BA-4EF6-ADD3-7D42A841B8C4}.Release|Any CPU.ActiveCfg = Release|Any CPU
		{09E4D9E9-87BA-4EF6-ADD3-7D42A841B8C4}.Release|Any CPU.Build.0 = Release|Any CPU
		{3050EF55-5149-42E9-9FA3-6E8770D6AE6D}.Debug|Any CPU.ActiveCfg = Debug|Any CPU
		{3050EF55-5149-42E9-9FA3-6E8770D6AE6D}.Debug|Any CPU.Build.0 = Debug|Any CPU
		{3050EF55-5149-42E9-9FA3-6E8770D6AE6D}.Release|Any CPU.ActiveCfg = Release|Any CPU
		{3050EF55-5149-42E9-9FA3-6E8770D6AE6D}.Release|Any CPU.Build.0 = Release|Any CPU
		{3533DE76-8BB4-4E7F-AB43-65E0A6FB7413}.Debug|Any CPU.ActiveCfg = Debug|Any CPU
		{3533DE76-8BB4-4E7F-AB43-65E0A6FB7413}.Debug|Any CPU.Build.0 = Debug|Any CPU
		{3533DE76-8BB4-4E7F-AB43-65E0A6FB7413}.Release|Any CPU.ActiveCfg = Release|Any CPU
		{3533DE76-8BB4-4E7F-AB43-65E0A6FB7413}.Release|Any CPU.Build.0 = Release|Any CPU
		{69EAE20F-ED06-41F2-BF2B-0DA0ABBF4587}.Debug|Any CPU.ActiveCfg = Debug|Any CPU
		{69EAE20F-ED06-41F2-BF2B-0DA0ABBF4587}.Debug|Any CPU.Build.0 = Debug|Any CPU
		{69EAE20F-ED06-41F2-BF2B-0DA0ABBF4587}.Release|Any CPU.ActiveCfg = Release|Any CPU
		{69EAE20F-ED06-41F2-BF2B-0DA0ABBF4587}.Release|Any CPU.Build.0 = Release|Any CPU
		{1EE47D61-696D-4E5D-B815-479FF04ACD79}.Debug|Any CPU.ActiveCfg = Debug|Any CPU
		{1EE47D61-696D-4E5D-B815-479FF04ACD79}.Debug|Any CPU.Build.0 = Debug|Any CPU
		{1EE47D61-696D-4E5D-B815-479FF04ACD79}.Release|Any CPU.ActiveCfg = Release|Any CPU
		{1EE47D61-696D-4E5D-B815-479FF04ACD79}.Release|Any CPU.Build.0 = Release|Any CPU
		{DF7903B6-7502-4166-8730-8E2829AE800A}.Debug|Any CPU.ActiveCfg = Debug|Any CPU
		{DF7903B6-7502-4166-8730-8E2829AE800A}.Debug|Any CPU.Build.0 = Debug|Any CPU
		{DF7903B6-7502-4166-8730-8E2829AE800A}.Release|Any CPU.ActiveCfg = Release|Any CPU
		{DF7903B6-7502-4166-8730-8E2829AE800A}.Release|Any CPU.Build.0 = Release|Any CPU
		{ACA4D233-E94E-4BB8-A47E-05CB24B71B45}.Debug|Any CPU.ActiveCfg = Debug|Any CPU
		{ACA4D233-E94E-4BB8-A47E-05CB24B71B45}.Debug|Any CPU.Build.0 = Debug|Any CPU
		{ACA4D233-E94E-4BB8-A47E-05CB24B71B45}.Release|Any CPU.ActiveCfg = Release|Any CPU
		{ACA4D233-E94E-4BB8-A47E-05CB24B71B45}.Release|Any CPU.Build.0 = Release|Any CPU
		{F477ABDC-A39A-478D-B620-C1FAC2FC7F7B}.Debug|Any CPU.ActiveCfg = Debug|Any CPU
		{F477ABDC-A39A-478D-B620-C1FAC2FC7F7B}.Debug|Any CPU.Build.0 = Debug|Any CPU
		{F477ABDC-A39A-478D-B620-C1FAC2FC7F7B}.Release|Any CPU.ActiveCfg = Release|Any CPU
		{F477ABDC-A39A-478D-B620-C1FAC2FC7F7B}.Release|Any CPU.Build.0 = Release|Any CPU
		{63EBB2C6-E909-4E5B-AE0F-D8344C4122E7}.Debug|Any CPU.ActiveCfg = Debug|Any CPU
		{63EBB2C6-E909-4E5B-AE0F-D8344C4122E7}.Debug|Any CPU.Build.0 = Debug|Any CPU
		{63EBB2C6-E909-4E5B-AE0F-D8344C4122E7}.Release|Any CPU.ActiveCfg = Release|Any CPU
		{63EBB2C6-E909-4E5B-AE0F-D8344C4122E7}.Release|Any CPU.Build.0 = Release|Any CPU
		{BC8BE12D-1FE1-4D60-A0D5-81A5548F076B}.Debug|Any CPU.ActiveCfg = Debug|Any CPU
		{BC8BE12D-1FE1-4D60-A0D5-81A5548F076B}.Debug|Any CPU.Build.0 = Debug|Any CPU
		{BC8BE12D-1FE1-4D60-A0D5-81A5548F076B}.Release|Any CPU.ActiveCfg = Release|Any CPU
		{BC8BE12D-1FE1-4D60-A0D5-81A5548F076B}.Release|Any CPU.Build.0 = Release|Any CPU
		{E40A1734-BB91-403E-BC59-9FA8D67690E3}.Debug|Any CPU.ActiveCfg = Debug|Any CPU
		{E40A1734-BB91-403E-BC59-9FA8D67690E3}.Debug|Any CPU.Build.0 = Debug|Any CPU
		{E40A1734-BB91-403E-BC59-9FA8D67690E3}.Release|Any CPU.ActiveCfg = Release|Any CPU
		{E40A1734-BB91-403E-BC59-9FA8D67690E3}.Release|Any CPU.Build.0 = Release|Any CPU
		{60F19299-DA41-4C66-BC5F-2148EAA2AEFB}.Debug|Any CPU.ActiveCfg = Debug|Any CPU
		{60F19299-DA41-4C66-BC5F-2148EAA2AEFB}.Debug|Any CPU.Build.0 = Debug|Any CPU
		{60F19299-DA41-4C66-BC5F-2148EAA2AEFB}.Release|Any CPU.ActiveCfg = Release|Any CPU
		{60F19299-DA41-4C66-BC5F-2148EAA2AEFB}.Release|Any CPU.Build.0 = Release|Any CPU
		{8A487D29-B3C5-48E6-AADD-69AD1B3413FA}.Debug|Any CPU.ActiveCfg = Debug|Any CPU
		{8A487D29-B3C5-48E6-AADD-69AD1B3413FA}.Debug|Any CPU.Build.0 = Debug|Any CPU
		{8A487D29-B3C5-48E6-AADD-69AD1B3413FA}.Release|Any CPU.ActiveCfg = Release|Any CPU
		{8A487D29-B3C5-48E6-AADD-69AD1B3413FA}.Release|Any CPU.Build.0 = Release|Any CPU
		{6E7F3331-A3D7-49F7-AFA2-039CE23DC3E6}.Debug|Any CPU.ActiveCfg = Debug|Any CPU
		{6E7F3331-A3D7-49F7-AFA2-039CE23DC3E6}.Debug|Any CPU.Build.0 = Debug|Any CPU
		{6E7F3331-A3D7-49F7-AFA2-039CE23DC3E6}.Release|Any CPU.ActiveCfg = Release|Any CPU
		{6E7F3331-A3D7-49F7-AFA2-039CE23DC3E6}.Release|Any CPU.Build.0 = Release|Any CPU
		{4287CCC1-EC82-4422-9469-6AED2FF85285}.Debug|Any CPU.ActiveCfg = Debug|Any CPU
		{4287CCC1-EC82-4422-9469-6AED2FF85285}.Debug|Any CPU.Build.0 = Debug|Any CPU
		{4287CCC1-EC82-4422-9469-6AED2FF85285}.Release|Any CPU.ActiveCfg = Release|Any CPU
		{4287CCC1-EC82-4422-9469-6AED2FF85285}.Release|Any CPU.Build.0 = Release|Any CPU
		{83CE9F35-3026-443B-80C1-1544151F93A5}.Debug|Any CPU.ActiveCfg = Debug|Any CPU
		{83CE9F35-3026-443B-80C1-1544151F93A5}.Debug|Any CPU.Build.0 = Debug|Any CPU
		{83CE9F35-3026-443B-80C1-1544151F93A5}.Release|Any CPU.ActiveCfg = Release|Any CPU
		{83CE9F35-3026-443B-80C1-1544151F93A5}.Release|Any CPU.Build.0 = Release|Any CPU
	EndGlobalSection
	GlobalSection(SolutionProperties) = preSolution
		HideSolutionNode = FALSE
	EndGlobalSection
	GlobalSection(ExtensibilityGlobals) = postSolution
		SolutionGuid = {CB3B8B50-3B58-4BE6-A477-F1FB6912D40D}
	EndGlobalSection
EndGlobal
